
Microsoft Visual Studio Solution File, Format Version 12.00
# Visual Studio Version 17
VisualStudioVersion = 17.13.35919.96 d17.13
MinimumVisualStudioVersion = 10.0.40219.1
Project("{FAE04EC0-301F-11D3-BF4B-00C04F79EFBC}") = "Valmadrid_Activity1", "Valmadrid_Activity1.csproj", "{A23B8FF8-4B17-4710-9D0A-DDC741A10CF1}"
EndProject
Global
	GlobalSection(SolutionConfigurationPlatforms) = preSolution
		Debug|Any CPU = Debug|Any CPU
		Release|Any CPU = Release|Any CPU
	EndGlobalSection
	GlobalSection(ProjectConfigurationPlatforms) = postSolution
		{A23B8FF8-4B17-4710-9D0A-DDC741A10CF1}.Debug|Any CPU.ActiveCfg = Debug|Any CPU
		{A23B8FF8-4B17-4710-9D0A-DDC741A10CF1}.Debug|Any CPU.Build.0 = Debug|Any CPU
		{A23B8FF8-4B17-4710-9D0A-DDC741A10CF1}.Release|Any CPU.ActiveCfg = Release|Any CPU
		{A23B8FF8-4B17-4710-9D0A-DDC741A10CF1}.Release|Any CPU.Build.0 = Release|Any CPU
	EndGlobalSection
	GlobalSection(SolutionProperties) = preSolution
		HideSolutionNode = FALSE
	EndGlobalSection
	GlobalSection(ExtensibilityGlobals) = postSolution
		SolutionGuid = {03911038-DA7A-403E-9AB7-00DB6E71D384}
	EndGlobalSection
EndGlobal
